
Microsoft Visual Studio Solution File, Format Version 12.00
# Visual Studio Version 17
VisualStudioVersion = 17.0.31903.59
MinimumVisualStudioVersion = 10.0.40219.1
Project("{2150E333-8FDC-42A3-9474-1A3956D46DE8}") = "ConnectFour", "ConnectFour", "{E7322E9D-4E67-4D6D-9CEA-334AB96B2308}"
	ProjectSection(SolutionItems) = preProject
		.gitignore = .gitignore
	EndProjectSection
EndProject
Project("{FAE04EC0-301F-11D3-BF4B-00C04F79EFBC}") = "ConnectFour", "ConnectFour\ConnectFour\ConnectFour.csproj", "{1C7405F9-77D2-48D3-B361-7543DB4B774E}"
EndProject
Project("{FAE04EC0-301F-11D3-BF4B-00C04F79EFBC}") = "ConnectFour.Shared", "ConnectFour\ConnectFour.Shared\ConnectFour.Shared.csproj", "{12529CC8-CC90-4B51-8D46-0E85CC5D846F}"
EndProject
Project("{FAE04EC0-301F-11D3-BF4B-00C04F79EFBC}") = "ConnectFour.Web", "ConnectFour\ConnectFour.Web\ConnectFour.Web.csproj", "{96341002-99AE-438F-807C-1A0FB258B261}"
EndProject
Global
	GlobalSection(SolutionConfigurationPlatforms) = preSolution
		Debug|Any CPU = Debug|Any CPU
		Release|Any CPU = Release|Any CPU
	EndGlobalSection
	GlobalSection(ProjectConfigurationPlatforms) = postSolution
		{1C7405F9-77D2-48D3-B361-7543DB4B774E}.Debug|Any CPU.ActiveCfg = Debug|Any CPU
		{1C7405F9-77D2-48D3-B361-7543DB4B774E}.Debug|Any CPU.Build.0 = Debug|Any CPU
		{1C7405F9-77D2-48D3-B361-7543DB4B774E}.Release|Any CPU.ActiveCfg = Release|Any CPU
		{1C7405F9-77D2-48D3-B361-7543DB4B774E}.Release|Any CPU.Build.0 = Release|Any CPU
		{12529CC8-CC90-4B51-8D46-0E85CC5D846F}.Debug|Any CPU.ActiveCfg = Debug|Any CPU
		{12529CC8-CC90-4B51-8D46-0E85CC5D846F}.Debug|Any CPU.Build.0 = Debug|Any CPU
		{12529CC8-CC90-4B51-8D46-0E85CC5D846F}.Release|Any CPU.ActiveCfg = Release|Any CPU
		{12529CC8-CC90-4B51-8D46-0E85CC5D846F}.Release|Any CPU.Build.0 = Release|Any CPU
		{96341002-99AE-438F-807C-1A0FB258B261}.Debug|Any CPU.ActiveCfg = Debug|Any CPU
		{96341002-99AE-438F-807C-1A0FB258B261}.Debug|Any CPU.Build.0 = Debug|Any CPU
		{96341002-99AE-438F-807C-1A0FB258B261}.Release|Any CPU.ActiveCfg = Release|Any CPU
		{96341002-99AE-438F-807C-1A0FB258B261}.Release|Any CPU.Build.0 = Release|Any CPU
	EndGlobalSection
	GlobalSection(SolutionProperties) = preSolution
		HideSolutionNode = FALSE
	EndGlobalSection
	GlobalSection(NestedProjects) = preSolution
		{1C7405F9-77D2-48D3-B361-7543DB4B774E} = {E7322E9D-4E67-4D6D-9CEA-334AB96B2308}
		{12529CC8-CC90-4B51-8D46-0E85CC5D846F} = {E7322E9D-4E67-4D6D-9CEA-334AB96B2308}
		{96341002-99AE-438F-807C-1A0FB258B261} = {E7322E9D-4E67-4D6D-9CEA-334AB96B2308}
	EndGlobalSection
EndGlobal
